
Microsoft Visual Studio Solution File, Format Version 12.00
# Visual Studio 14
VisualStudioVersion = 14.0.25420.1
MinimumVisualStudioVersion = 10.0.40219.1
Project("{FAE04EC0-301F-11D3-BF4B-00C04F79EFBC}") = "PIS3D", "PIS3D\PIS3D.csproj", "{061209B3-2859-442A-A281-C6C563EA21A2}"
EndProject
Project("{00D1A9C2-B5F0-4AF3-8072-F6C62B433612}") = "Database", "Database\Database.sqlproj", "{7789A7CC-19D5-4FAB-AD84-BBE10C9C0C11}"
EndProject
Global
	GlobalSection(SolutionConfigurationPlatforms) = preSolution
		Debug|Any CPU = Debug|Any CPU
		Release|Any CPU = Release|Any CPU
	EndGlobalSection
	GlobalSection(ProjectConfigurationPlatforms) = postSolution
		{061209B3-2859-442A-A281-C6C563EA21A2}.Debug|Any CPU.ActiveCfg = Debug|Any CPU
		{061209B3-2859-442A-A281-C6C563EA21A2}.Debug|Any CPU.Build.0 = Debug|Any CPU
		{061209B3-2859-442A-A281-C6C563EA21A2}.Release|Any CPU.ActiveCfg = Release|Any CPU
		{061209B3-2859-442A-A281-C6C563EA21A2}.Release|Any CPU.Build.0 = Release|Any CPU
		{7789A7CC-19D5-4FAB-AD84-BBE10C9C0C11}.Debug|Any CPU.ActiveCfg = Debug|Any CPU
		{7789A7CC-19D5-4FAB-AD84-BBE10C9C0C11}.Debug|Any CPU.Build.0 = Debug|Any CPU
		{7789A7CC-19D5-4FAB-AD84-BBE10C9C0C11}.Debug|Any CPU.Deploy.0 = Debug|Any CPU
		{7789A7CC-19D5-4FAB-AD84-BBE10C9C0C11}.Release|Any CPU.ActiveCfg = Release|Any CPU
		{7789A7CC-19D5-4FAB-AD84-BBE10C9C0C11}.Release|Any CPU.Build.0 = Release|Any CPU
		{7789A7CC-19D5-4FAB-AD84-BBE10C9C0C11}.Release|Any CPU.Deploy.0 = Release|Any CPU
	EndGlobalSection
	GlobalSection(SolutionProperties) = preSolution
		HideSolutionNode = FALSE
	EndGlobalSection
	GlobalSection(TeamFoundationVersionControl) = preSolution
		SccNumberOfProjects = 3
		SccEnterpriseProvider = {4CA58AB2-18FA-4F8D-95D4-32DDF27D184C}
		SccTeamFoundationServer = http://fsr:8080/tfs/nonengineering
		SccLocalPath0 = .
		SccProjectUniqueName1 = PIS3D\\PIS3D.csproj
		SccProjectName1 = PIS3D
		SccLocalPath1 = PIS3D
		SccProjectUniqueName2 = Database\\Database.sqlproj
		SccProjectName2 = Database
		SccLocalPath2 = Database
	EndGlobalSection
EndGlobal
